
Microsoft Visual Studio Solution File, Format Version 12.00
# Visual Studio Version 16
VisualStudioVersion = 16.0.30621.155
MinimumVisualStudioVersion = 10.0.40219.1
Project("{FAE04EC0-301F-11D3-BF4B-00C04F79EFBC}") = "Auto", "KeyboardRecorder\Auto.csproj", "{B81D53FB-37F8-49C0-A79A-ECB8AC441D8F}"
EndProject
Global
	GlobalSection(SolutionConfigurationPlatforms) = preSolution
		Debug|Any CPU = Debug|Any CPU
		Debug|x64 = Debug|x64
		Release|Any CPU = Release|Any CPU
		Release|x64 = Release|x64
	EndGlobalSection
	GlobalSection(ProjectConfigurationPlatforms) = postSolution
		{B81D53FB-37F8-49C0-A79A-ECB8AC441D8F}.Debug|Any CPU.ActiveCfg = Debug|Any CPU
		{B81D53FB-37F8-49C0-A79A-ECB8AC441D8F}.Debug|Any CPU.Build.0 = Debug|Any CPU
		{B81D53FB-37F8-49C0-A79A-ECB8AC441D8F}.Debug|x64.ActiveCfg = Debug|x64
		{B81D53FB-37F8-49C0-A79A-ECB8AC441D8F}.Debug|x64.Build.0 = Debug|x64
		{B81D53FB-37F8-49C0-A79A-ECB8AC441D8F}.Release|Any CPU.ActiveCfg = Release|Any CPU
		{B81D53FB-37F8-49C0-A79A-ECB8AC441D8F}.Release|Any CPU.Build.0 = Release|Any CPU
		{B81D53FB-37F8-49C0-A79A-ECB8AC441D8F}.Release|x64.ActiveCfg = Release|x64
		{B81D53FB-37F8-49C0-A79A-ECB8AC441D8F}.Release|x64.Build.0 = Release|x64
	EndGlobalSection
	GlobalSection(SolutionProperties) = preSolution
		HideSolutionNode = FALSE
	EndGlobalSection
	GlobalSection(ExtensibilityGlobals) = postSolution
		SolutionGuid = {A03F86F2-E91B-4046-AAB5-652D52036CAB}
	EndGlobalSection
EndGlobal
